
Microsoft Visual Studio Solution File, Format Version 12.00
# Visual Studio Version 16
VisualStudioVersion = 16.0.30114.128
MinimumVisualStudioVersion = 10.0.40219.1
Project("{FAE04EC0-301F-11D3-BF4B-00C04F79EFBC}") = "Elephants", "Elephants\Elephants.csproj", "{BB922CBE-B4D6-4708-B7C2-B54BC0172F3F}"
EndProject
Global
	GlobalSection(SolutionConfigurationPlatforms) = preSolution
		Debug|Any CPU = Debug|Any CPU
		Release|Any CPU = Release|Any CPU
	EndGlobalSection
	GlobalSection(ProjectConfigurationPlatforms) = postSolution
		{BB922CBE-B4D6-4708-B7C2-B54BC0172F3F}.Debug|Any CPU.ActiveCfg = Debug|Any CPU
		{BB922CBE-B4D6-4708-B7C2-B54BC0172F3F}.Debug|Any CPU.Build.0 = Debug|Any CPU
		{BB922CBE-B4D6-4708-B7C2-B54BC0172F3F}.Release|Any CPU.ActiveCfg = Release|Any CPU
		{BB922CBE-B4D6-4708-B7C2-B54BC0172F3F}.Release|Any CPU.Build.0 = Release|Any CPU
	EndGlobalSection
	GlobalSection(SolutionProperties) = preSolution
		HideSolutionNode = FALSE
	EndGlobalSection
	GlobalSection(ExtensibilityGlobals) = postSolution
		SolutionGuid = {2DD3AB0A-9EE6-46CC-AFDD-B7EB06A1ED0A}
	EndGlobalSection
EndGlobal
